
Microsoft Visual Studio Solution File, Format Version 12.00
# Visual Studio Version 17
VisualStudioVersion = 17.5.002.0
MinimumVisualStudioVersion = 10.0.40219.1
Project("{9A19103F-16F7-4668-BE54-9A1E7A4F7556}") = "entity-quickstart", "entity-quickstart.csproj", "{A99A3169-3677-4AF3-8259-76EDF577D1A3}"
EndProject
Global
	GlobalSection(SolutionConfigurationPlatforms) = preSolution
		Debug|Any CPU = Debug|Any CPU
		Release|Any CPU = Release|Any CPU
	EndGlobalSection
	GlobalSection(ProjectConfigurationPlatforms) = postSolution
		{A99A3169-3677-4AF3-8259-76EDF577D1A3}.Debug|Any CPU.ActiveCfg = Debug|Any CPU
		{A99A3169-3677-4AF3-8259-76EDF577D1A3}.Debug|Any CPU.Build.0 = Debug|Any CPU
		{A99A3169-3677-4AF3-8259-76EDF577D1A3}.Release|Any CPU.ActiveCfg = Release|Any CPU
		{A99A3169-3677-4AF3-8259-76EDF577D1A3}.Release|Any CPU.Build.0 = Release|Any CPU
	EndGlobalSection
	GlobalSection(SolutionProperties) = preSolution
		HideSolutionNode = FALSE
	EndGlobalSection
	GlobalSection(ExtensibilityGlobals) = postSolution
		SolutionGuid = {D53B37C5-BD1E-4BD6-BAB9-832D298D963B}
	EndGlobalSection
EndGlobal
